
Microsoft Visual Studio Solution File, Format Version 12.00
# Visual Studio Version 16
VisualStudioVersion = 16.0.31613.86
MinimumVisualStudioVersion = 10.0.40219.1
Project("{8BC9CEB8-8B4A-11D0-8D11-00A0C91BC942}") = "ex4", "ex4\ex4.vcxproj", "{C49D30B3-2653-4BB8-A2D1-D470E3B9A04E}"
EndProject
Global
	GlobalSection(SolutionConfigurationPlatforms) = preSolution
		Debug|x64 = Debug|x64
		Debug|x86 = Debug|x86
		Release|x64 = Release|x64
		Release|x86 = Release|x86
	EndGlobalSection
	GlobalSection(ProjectConfigurationPlatforms) = postSolution
		{C49D30B3-2653-4BB8-A2D1-D470E3B9A04E}.Debug|x64.ActiveCfg = Debug|x64
		{C49D30B3-2653-4BB8-A2D1-D470E3B9A04E}.Debug|x64.Build.0 = Debug|x64
		{C49D30B3-2653-4BB8-A2D1-D470E3B9A04E}.Debug|x86.ActiveCfg = Debug|Win32
		{C49D30B3-2653-4BB8-A2D1-D470E3B9A04E}.Debug|x86.Build.0 = Debug|Win32
		{C49D30B3-2653-4BB8-A2D1-D470E3B9A04E}.Release|x64.ActiveCfg = Release|x64
		{C49D30B3-2653-4BB8-A2D1-D470E3B9A04E}.Release|x64.Build.0 = Release|x64
		{C49D30B3-2653-4BB8-A2D1-D470E3B9A04E}.Release|x86.ActiveCfg = Release|Win32
		{C49D30B3-2653-4BB8-A2D1-D470E3B9A04E}.Release|x86.Build.0 = Release|Win32
	EndGlobalSection
	GlobalSection(SolutionProperties) = preSolution
		HideSolutionNode = FALSE
	EndGlobalSection
	GlobalSection(ExtensibilityGlobals) = postSolution
		SolutionGuid = {A70DC9A4-78D6-4D28-8E1B-0E95A01A267A}
	EndGlobalSection
EndGlobal
